
Microsoft Visual Studio Solution File, Format Version 12.00
# Visual Studio Version 16
VisualStudioVersion = 16.0.31729.503
MinimumVisualStudioVersion = 10.0.40219.1
Project("{FAE04EC0-301F-11D3-BF4B-00C04F79EFBC}") = "LoanManagementWebAPI", "LoanManagementWebAPI.csproj", "{DD3C1C25-A89B-4458-BC1B-DD6866D9BF45}"
EndProject
Global
	GlobalSection(SolutionConfigurationPlatforms) = preSolution
		Debug|Any CPU = Debug|Any CPU
		Release|Any CPU = Release|Any CPU
	EndGlobalSection
	GlobalSection(ProjectConfigurationPlatforms) = postSolution
		{DD3C1C25-A89B-4458-BC1B-DD6866D9BF45}.Debug|Any CPU.ActiveCfg = Debug|Any CPU
		{DD3C1C25-A89B-4458-BC1B-DD6866D9BF45}.Debug|Any CPU.Build.0 = Debug|Any CPU
		{DD3C1C25-A89B-4458-BC1B-DD6866D9BF45}.Release|Any CPU.ActiveCfg = Release|Any CPU
		{DD3C1C25-A89B-4458-BC1B-DD6866D9BF45}.Release|Any CPU.Build.0 = Release|Any CPU
	EndGlobalSection
	GlobalSection(SolutionProperties) = preSolution
		HideSolutionNode = FALSE
	EndGlobalSection
	GlobalSection(ExtensibilityGlobals) = postSolution
		SolutionGuid = {2703F7FF-22A1-4EBD-98EE-0C4A4295AB9D}
	EndGlobalSection
EndGlobal
